
Microsoft Visual Studio Solution File, Format Version 12.00
# Visual Studio Version 17
VisualStudioVersion = 17.5.002.0
MinimumVisualStudioVersion = 10.0.40219.1
Project("{9A19103F-16F7-4668-BE54-9A1E7A4F7556}") = "MovieAppUI", "MovieAppUI.csproj", "{8A22764F-44D0-402F-8567-CF230D4BA3A2}"
EndProject
Global
	GlobalSection(SolutionConfigurationPlatforms) = preSolution
		Debug|Any CPU = Debug|Any CPU
		Release|Any CPU = Release|Any CPU
	EndGlobalSection
	GlobalSection(ProjectConfigurationPlatforms) = postSolution
		{8A22764F-44D0-402F-8567-CF230D4BA3A2}.Debug|Any CPU.ActiveCfg = Debug|Any CPU
		{8A22764F-44D0-402F-8567-CF230D4BA3A2}.Debug|Any CPU.Build.0 = Debug|Any CPU
		{8A22764F-44D0-402F-8567-CF230D4BA3A2}.Release|Any CPU.ActiveCfg = Release|Any CPU
		{8A22764F-44D0-402F-8567-CF230D4BA3A2}.Release|Any CPU.Build.0 = Release|Any CPU
	EndGlobalSection
	GlobalSection(SolutionProperties) = preSolution
		HideSolutionNode = FALSE
	EndGlobalSection
	GlobalSection(ExtensibilityGlobals) = postSolution
		SolutionGuid = {6CD665C4-B3A0-417F-940A-D7184DA80ED8}
	EndGlobalSection
EndGlobal
